
Microsoft Visual Studio Solution File, Format Version 12.00
# Visual Studio Version 17
VisualStudioVersion = 17.0.32014.148
MinimumVisualStudioVersion = 10.0.40219.1
Project("{9A19103F-16F7-4668-BE54-9A1E7A4F7556}") = "forecast_FEB", "forecast_FEB.csproj", "{61CF475D-C428-4F60-A92D-227A32148A31}"
EndProject
Global
	GlobalSection(SolutionConfigurationPlatforms) = preSolution
		Debug|Any CPU = Debug|Any CPU
		Release|Any CPU = Release|Any CPU
	EndGlobalSection
	GlobalSection(ProjectConfigurationPlatforms) = postSolution
		{61CF475D-C428-4F60-A92D-227A32148A31}.Debug|Any CPU.ActiveCfg = Debug|Any CPU
		{61CF475D-C428-4F60-A92D-227A32148A31}.Debug|Any CPU.Build.0 = Debug|Any CPU
		{61CF475D-C428-4F60-A92D-227A32148A31}.Release|Any CPU.ActiveCfg = Release|Any CPU
		{61CF475D-C428-4F60-A92D-227A32148A31}.Release|Any CPU.Build.0 = Release|Any CPU
	EndGlobalSection
	GlobalSection(SolutionProperties) = preSolution
		HideSolutionNode = FALSE
	EndGlobalSection
	GlobalSection(ExtensibilityGlobals) = postSolution
		SolutionGuid = {0313A56C-3226-4F1E-93EF-64757E5BA00B}
	EndGlobalSection
EndGlobal
